
Microsoft Visual Studio Solution File, Format Version 12.00
# Visual Studio Version 16
VisualStudioVersion = 16.0.31605.320
MinimumVisualStudioVersion = 10.0.40219.1
Project("{FAE04EC0-301F-11D3-BF4B-00C04F79EFBC}") = "SonarCloud_GUI", "SonarCloud_GUI.csproj", "{4C969962-9F44-432B-8CE9-F92F8E309366}"
EndProject
Global
	GlobalSection(SolutionConfigurationPlatforms) = preSolution
		Debug|Any CPU = Debug|Any CPU
		Release|Any CPU = Release|Any CPU
	EndGlobalSection
	GlobalSection(ProjectConfigurationPlatforms) = postSolution
		{4C969962-9F44-432B-8CE9-F92F8E309366}.Debug|Any CPU.ActiveCfg = Debug|Any CPU
		{4C969962-9F44-432B-8CE9-F92F8E309366}.Debug|Any CPU.Build.0 = Debug|Any CPU
		{4C969962-9F44-432B-8CE9-F92F8E309366}.Release|Any CPU.ActiveCfg = Release|Any CPU
		{4C969962-9F44-432B-8CE9-F92F8E309366}.Release|Any CPU.Build.0 = Release|Any CPU
	EndGlobalSection
	GlobalSection(SolutionProperties) = preSolution
		HideSolutionNode = FALSE
	EndGlobalSection
	GlobalSection(ExtensibilityGlobals) = postSolution
		SolutionGuid = {C473BE53-CF51-4300-8904-9C4561391233}
	EndGlobalSection
EndGlobal
